
Microsoft Visual Studio Solution File, Format Version 12.00
# Visual Studio Version 17
VisualStudioVersion = 17.2.32616.157
MinimumVisualStudioVersion = 10.0.40219.1
Project("{F184B08F-C81C-45F6-A57F-5ABD9991F28F}") = "CapaNegocio", "CapaNegocio\CapaNegocio.vbproj", "{BEB240BF-E49F-4192-825C-03BBCABD4217}"
EndProject
Project("{F184B08F-C81C-45F6-A57F-5ABD9991F28F}") = "CapaEntidad", "CapaEntidad\CapaEntidad.vbproj", "{B3771041-C647-402A-B013-78308B22248E}"
EndProject
Project("{F184B08F-C81C-45F6-A57F-5ABD9991F28F}") = "CapaDatos", "CapaDatos\CapaDatos.vbproj", "{CC41489C-C4F2-4936-B9BC-1205F5F23D6D}"
EndProject
Project("{F184B08F-C81C-45F6-A57F-5ABD9991F28F}") = "CapaPresentacion", "CapaPresentacion\CapaPresentacion.vbproj", "{A4DEF640-029A-4DF5-BAD0-9F1552C3797D}"
EndProject
Global
	GlobalSection(SolutionConfigurationPlatforms) = preSolution
		Debug|Any CPU = Debug|Any CPU
		Release|Any CPU = Release|Any CPU
	EndGlobalSection
	GlobalSection(ProjectConfigurationPlatforms) = postSolution
		{BEB240BF-E49F-4192-825C-03BBCABD4217}.Debug|Any CPU.ActiveCfg = Debug|Any CPU
		{BEB240BF-E49F-4192-825C-03BBCABD4217}.Debug|Any CPU.Build.0 = Debug|Any CPU
		{BEB240BF-E49F-4192-825C-03BBCABD4217}.Release|Any CPU.ActiveCfg = Release|Any CPU
		{BEB240BF-E49F-4192-825C-03BBCABD4217}.Release|Any CPU.Build.0 = Release|Any CPU
		{B3771041-C647-402A-B013-78308B22248E}.Debug|Any CPU.ActiveCfg = Debug|Any CPU
		{B3771041-C647-402A-B013-78308B22248E}.Debug|Any CPU.Build.0 = Debug|Any CPU
		{B3771041-C647-402A-B013-78308B22248E}.Release|Any CPU.ActiveCfg = Release|Any CPU
		{B3771041-C647-402A-B013-78308B22248E}.Release|Any CPU.Build.0 = Release|Any CPU
		{CC41489C-C4F2-4936-B9BC-1205F5F23D6D}.Debug|Any CPU.ActiveCfg = Debug|Any CPU
		{CC41489C-C4F2-4936-B9BC-1205F5F23D6D}.Debug|Any CPU.Build.0 = Debug|Any CPU
		{CC41489C-C4F2-4936-B9BC-1205F5F23D6D}.Release|Any CPU.ActiveCfg = Release|Any CPU
		{CC41489C-C4F2-4936-B9BC-1205F5F23D6D}.Release|Any CPU.Build.0 = Release|Any CPU
		{A4DEF640-029A-4DF5-BAD0-9F1552C3797D}.Debug|Any CPU.ActiveCfg = Debug|Any CPU
		{A4DEF640-029A-4DF5-BAD0-9F1552C3797D}.Debug|Any CPU.Build.0 = Debug|Any CPU
		{A4DEF640-029A-4DF5-BAD0-9F1552C3797D}.Release|Any CPU.ActiveCfg = Release|Any CPU
		{A4DEF640-029A-4DF5-BAD0-9F1552C3797D}.Release|Any CPU.Build.0 = Release|Any CPU
	EndGlobalSection
	GlobalSection(SolutionProperties) = preSolution
		HideSolutionNode = FALSE
	EndGlobalSection
	GlobalSection(ExtensibilityGlobals) = postSolution
		SolutionGuid = {7FAC2F60-F9F0-480C-A6B8-79454B44CA99}
	EndGlobalSection
EndGlobal
